<?xml version="1.0" encoding="utf-8"?>
<Project ToolsVersion="4.0" xmlns="http://schemas.microsoft.com/developer/msbuild/2003">
  <ItemGroup>
    <Filter Include="Source Files">
      <UniqueIdentifier>{a76ba934-a02e-4a83-aaf5-88e7efafa20e}</UniqueIdentifier>
      <Extensions>cpp;c;cxx;rc;def;r;odl;idl;hpj;bat</Extensions>
    </Filter>
    <Filter Include="Header Files">
      <UniqueIdentifier>{0cb81ac4-8068-469f-bc90-7d7df7da476e}</UniqueIdentifier>
      <Extensions>h;hpp;hxx;hm;inl</Extensions>
    </Filter>
    <Filter Include="Resource Files">
      <UniqueIdentifier>{2574dc0a-fb7a-483f-aa8e-89059c15bccc}</UniqueIdentifier>
      <Extensions>ico;cur;bmp;dlg;rc2;rct;bin;rgs;gif;jpg;jpeg;jpe</Extensions>
    </Filter>
    <Filter Include="json">
      <UniqueIdentifier>{5cf63d8f-d38f-45cd-b598-bb812ac3d6ed}</UniqueIdentifier>
    </Filter>
  </ItemGroup>
  <ItemGroup>
    <ClCompile Include="GstFireApiEventSink.cpp">
      <Filter>Source Files</Filter>
    </ClCompile>
    <ClCompile Include="GstFireApiTest.cpp">
      <Filter>Source Files</Filter>
    </ClCompile>
    <ClCompile Include="GstFireApiTestDlg.cpp">
      <Filter>Source Files</Filter>
    </ClCompile>
    <ClCompile Include="StdAfx.cpp">
      <Filter>Source Files</Filter>
    </ClCompile>
    <ClCompile Include="json_reader.cpp">
      <Filter>json</Filter>
    </ClCompile>
    <ClCompile Include="json_value.cpp">
      <Filter>json</Filter>
    </ClCompile>
    <ClCompile Include="json_writer.cpp">
      <Filter>json</Filter>
    </ClCompile>
  </ItemGroup>
  <ItemGroup>
    <Midl Include="GstFireApiTest.idl">
      <Filter>Source Files</Filter>
    </Midl>
  </ItemGroup>
  <ItemGroup>
    <ResourceCompile Include="GstFireApiTest.rc">
      <Filter>Source Files</Filter>
    </ResourceCompile>
  </ItemGroup>
  <ItemGroup>
    <ClInclude Include="GstFireApiEventSink.h">
      <Filter>Header Files</Filter>
    </ClInclude>
    <ClInclude Include="GstFireApiTest.h">
      <Filter>Header Files</Filter>
    </ClInclude>
    <ClInclude Include="GstFireApiTestDlg.h">
      <Filter>Header Files</Filter>
    </ClInclude>
    <ClInclude Include="Resource.h">
      <Filter>Header Files</Filter>
    </ClInclude>
    <ClInclude Include="StdAfx.h">
      <Filter>Header Files</Filter>
    </ClInclude>
    <ClInclude Include="autolink.h">
      <Filter>json</Filter>
    </ClInclude>
    <ClInclude Include="config.h">
      <Filter>json</Filter>
    </ClInclude>
    <ClInclude Include="features.h">
      <Filter>json</Filter>
    </ClInclude>
    <ClInclude Include="forwards.h">
      <Filter>json</Filter>
    </ClInclude>
    <ClInclude Include="json.h">
      <Filter>json</Filter>
    </ClInclude>
    <ClInclude Include="json_batchallocator.h">
      <Filter>json</Filter>
    </ClInclude>
    <ClInclude Include="reader.h">
      <Filter>json</Filter>
    </ClInclude>
    <ClInclude Include="value.h">
      <Filter>json</Filter>
    </ClInclude>
    <ClInclude Include="writer.h">
      <Filter>json</Filter>
    </ClInclude>
  </ItemGroup>
  <ItemGroup>
    <CustomBuild Include="res\GstFireApiTest.ico">
      <Filter>Resource Files</Filter>
    </CustomBuild>
    <CustomBuild Include="res\GstFireApiTest.rc2">
      <Filter>Resource Files</Filter>
    </CustomBuild>
    <CustomBuild Include="GstFireApiTest.rgs">
      <Filter>Resource Files</Filter>
    </CustomBuild>
    <CustomBuild Include="ReadMe.txt" />
  </ItemGroup>
  <ItemGroup>
    <None Include="json_internalarray.inl">
      <Filter>json</Filter>
    </None>
    <None Include="json_internalmap.inl">
      <Filter>json</Filter>
    </None>
    <None Include="json_valueiterator.inl">
      <Filter>json</Filter>
    </None>
  </ItemGroup>
</Project>